
Microsoft Visual Studio Solution File, Format Version 12.00
# Visual Studio Version 17
VisualStudioVersion = 17.13.35507.96 d17.13
MinimumVisualStudioVersion = 10.0.40219.1
Project("{FAE04EC0-301F-11D3-BF4B-00C04F79EFBC}") = "MVCApp", "MVCApp\MVCApp.csproj", "{60E8D1AF-F58E-4A8E-85C4-F48FB957F6AA}"
EndProject
Global
	GlobalSection(SolutionConfigurationPlatforms) = preSolution
		Debug|Any CPU = Debug|Any CPU
		Release|Any CPU = Release|Any CPU
	EndGlobalSection
	GlobalSection(ProjectConfigurationPlatforms) = postSolution
		{60E8D1AF-F58E-4A8E-85C4-F48FB957F6AA}.Debug|Any CPU.ActiveCfg = Debug|Any CPU
		{60E8D1AF-F58E-4A8E-85C4-F48FB957F6AA}.Debug|Any CPU.Build.0 = Debug|Any CPU
		{60E8D1AF-F58E-4A8E-85C4-F48FB957F6AA}.Release|Any CPU.ActiveCfg = Release|Any CPU
		{60E8D1AF-F58E-4A8E-85C4-F48FB957F6AA}.Release|Any CPU.Build.0 = Release|Any CPU
	EndGlobalSection
	GlobalSection(SolutionProperties) = preSolution
		HideSolutionNode = FALSE
	EndGlobalSection
	GlobalSection(ExtensibilityGlobals) = postSolution
		SolutionGuid = {341A7F83-D7E0-4528-9313-69F312F55FC6}
	EndGlobalSection
EndGlobal
